
Microsoft Visual Studio Solution File, Format Version 12.00
# Visual Studio Version 17
VisualStudioVersion = 17.12.35527.113
MinimumVisualStudioVersion = 10.0.40219.1
Project("{FAE04EC0-301F-11D3-BF4B-00C04F79EFBC}") = "Ocelot.Discovery.Nacos", "src\Ocelot.Discovery.Nacos.csproj", "{CEF24699-3E41-D971-ACCA-FEF5CCB2011C}"
EndProject
Project("{FAE04EC0-301F-11D3-BF4B-00C04F79EFBC}") = "Ocelot.Discovery.Nacos.UnitTests", "unit\Ocelot.Discovery.Nacos.UnitTests.csproj", "{FAD17C0B-4F8F-99A6-1419-9665E4210346}"
EndProject
Global
	GlobalSection(SolutionConfigurationPlatforms) = preSolution
		Debug|Any CPU = Debug|Any CPU
		Release|Any CPU = Release|Any CPU
	EndGlobalSection
	GlobalSection(ProjectConfigurationPlatforms) = postSolution
		{CEF24699-3E41-D971-ACCA-FEF5CCB2011C}.Debug|Any CPU.ActiveCfg = Debug|Any CPU
		{CEF24699-3E41-D971-ACCA-FEF5CCB2011C}.Debug|Any CPU.Build.0 = Debug|Any CPU
		{CEF24699-3E41-D971-ACCA-FEF5CCB2011C}.Release|Any CPU.ActiveCfg = Release|Any CPU
		{CEF24699-3E41-D971-ACCA-FEF5CCB2011C}.Release|Any CPU.Build.0 = Release|Any CPU
		{FAD17C0B-4F8F-99A6-1419-9665E4210346}.Debug|Any CPU.ActiveCfg = Debug|Any CPU
		{FAD17C0B-4F8F-99A6-1419-9665E4210346}.Debug|Any CPU.Build.0 = Debug|Any CPU
		{FAD17C0B-4F8F-99A6-1419-9665E4210346}.Release|Any CPU.ActiveCfg = Release|Any CPU
		{FAD17C0B-4F8F-99A6-1419-9665E4210346}.Release|Any CPU.Build.0 = Release|Any CPU
	EndGlobalSection
	GlobalSection(SolutionProperties) = preSolution
		HideSolutionNode = FALSE
	EndGlobalSection
	GlobalSection(ExtensibilityGlobals) = postSolution
		SolutionGuid = {0E583663-7152-4575-9AE5-FF3D78AEAA1C}
	EndGlobalSection
EndGlobal
